// !$*UTF8*$!
{
	archiveVersion = 1;
	classes = {
	};
	objectVersion = 56;
	objects = {

/* Begin PBXBuildFile section */
		0948B22F2943B9500055F048 /* UIScrollView+Combine.swift in Sources */ = {isa = PBXBuildFile; fileRef = 0948B22E2943B9500055F048 /* UIScrollView+Combine.swift */; };
		0948B2312943C20B0055F048 /* Pagination.swift in Sources */ = {isa = PBXBuildFile; fileRef = 0948B2302943C20B0055F048 /* Pagination.swift */; };
		0948B2342943CA510055F048 /* XCTestCase+await.swift in Sources */ = {isa = PBXBuildFile; fileRef = 0948B2332943CA510055F048 /* XCTestCase+await.swift */; };
		0948B2382943CD5E0055F048 /* PaginationTests.swift in Sources */ = {isa = PBXBuildFile; fileRef = 0948B2372943CD5E0055F048 /* PaginationTests.swift */; };
		0948B23C2943E7D40055F048 /* Combine+withLatestFrom.swift in Sources */ = {isa = PBXBuildFile; fileRef = 0948B23B2943E7D40055F048 /* Combine+withLatestFrom.swift */; };
		096BB4432940E90E00502E5B /* user-details.json in Resources */ = {isa = PBXBuildFile; fileRef = 096BB4422940E90E00502E5B /* user-details.json */; };
		096BB44A29413E2800502E5B /* TitleAndValueView.swift in Sources */ = {isa = PBXBuildFile; fileRef = 096BB44929413E2800502E5B /* TitleAndValueView.swift */; };
		096BB4502941601100502E5B /* SectionView.swift in Sources */ = {isa = PBXBuildFile; fileRef = 096BB44F2941601100502E5B /* SectionView.swift */; };
		096BB4532941675700502E5B /* UIView+constraintForAttribute.swift in Sources */ = {isa = PBXBuildFile; fileRef = 096BB4522941675700502E5B /* UIView+constraintForAttribute.swift */; };
		096BB4552941FD6200502E5B /* Endpoint+userDetails.swift in Sources */ = {isa = PBXBuildFile; fileRef = 096BB4542941FD6200502E5B /* Endpoint+userDetails.swift */; };
		096BB45C2942117D00502E5B /* BannerView.swift in Sources */ = {isa = PBXBuildFile; fileRef = 096BB45B2942117D00502E5B /* BannerView.swift */; };
		096BB45F2942147700502E5B /* UIButton+Combine.swift in Sources */ = {isa = PBXBuildFile; fileRef = 096BB45E2942147700502E5B /* UIButton+Combine.swift */; };
		096BB461294214A000502E5B /* UIControl+Combine.swift in Sources */ = {isa = PBXBuildFile; fileRef = 096BB460294214A000502E5B /* UIControl+Combine.swift */; };
		096BB463294214FA00502E5B /* CombineControlEvent.swift in Sources */ = {isa = PBXBuildFile; fileRef = 096BB462294214FA00502E5B /* CombineControlEvent.swift */; };
		096BB4652942183100502E5B /* UIViewController+banner.swift in Sources */ = {isa = PBXBuildFile; fileRef = 096BB4642942183100502E5B /* UIViewController+banner.swift */; };
		096BB4672942349100502E5B /* String+truncate.swift in Sources */ = {isa = PBXBuildFile; fileRef = 096BB4662942349100502E5B /* String+truncate.swift */; };
		096BB4692942350A00502E5B /* String+nilIfEmpty.swift in Sources */ = {isa = PBXBuildFile; fileRef = 096BB4682942350A00502E5B /* String+nilIfEmpty.swift */; };
		096BB46C294260D000502E5B /* UIImage+decoded.swift in Sources */ = {isa = PBXBuildFile; fileRef = 096BB46B294260D000502E5B /* UIImage+decoded.swift */; };
		096BB46F294263F300502E5B /* Cache.swift in Sources */ = {isa = PBXBuildFile; fileRef = 096BB46E294263F300502E5B /* Cache.swift */; };
		096BB4712942642B00502E5B /* Cache+Service.swift in Sources */ = {isa = PBXBuildFile; fileRef = 096BB4702942642B00502E5B /* Cache+Service.swift */; };
		096BB4732942701500502E5B /* UIImage+estimatedSize.swift in Sources */ = {isa = PBXBuildFile; fileRef = 096BB4722942701500502E5B /* UIImage+estimatedSize.swift */; };
		096BB475294271DE00502E5B /* ImageLoader.swift in Sources */ = {isa = PBXBuildFile; fileRef = 096BB474294271DE00502E5B /* ImageLoader.swift */; };
		096BB4782942720A00502E5B /* ImageLoader+Service.swift in Sources */ = {isa = PBXBuildFile; fileRef = 096BB4772942720A00502E5B /* ImageLoader+Service.swift */; };
		09907A41293CBA9000BA7148 /* AppDelegate.swift in Sources */ = {isa = PBXBuildFile; fileRef = 09907A40293CBA9000BA7148 /* AppDelegate.swift */; };
		09907A43293CBA9000BA7148 /* SceneDelegate.swift in Sources */ = {isa = PBXBuildFile; fileRef = 09907A42293CBA9000BA7148 /* SceneDelegate.swift */; };
		09907A48293CBA9000BA7148 /* Main.storyboard in Resources */ = {isa = PBXBuildFile; fileRef = 09907A46293CBA9000BA7148 /* Main.storyboard */; };
		09907A4A293CBA9100BA7148 /* Assets.xcassets in Resources */ = {isa = PBXBuildFile; fileRef = 09907A49293CBA9100BA7148 /* Assets.xcassets */; };
		09907A4D293CBA9100BA7148 /* LaunchScreen.storyboard in Resources */ = {isa = PBXBuildFile; fileRef = 09907A4B293CBA9100BA7148 /* LaunchScreen.storyboard */; };
		09907A71293CBD8D00BA7148 /* Constants.swift in Sources */ = {isa = PBXBuildFile; fileRef = 09907A70293CBD8D00BA7148 /* Constants.swift */; };
		09907A74293CBE5D00BA7148 /* ColorDefines.swift in Sources */ = {isa = PBXBuildFile; fileRef = 09907A73293CBE5D00BA7148 /* ColorDefines.swift */; };
		09907A78293CBF3500BA7148 /* UIColor+hex.swift in Sources */ = {isa = PBXBuildFile; fileRef = 09907A77293CBF3500BA7148 /* UIColor+hex.swift */; };
		09907A7C293CC16900BA7148 /* Network.swift in Sources */ = {isa = PBXBuildFile; fileRef = 09907A7B293CC16900BA7148 /* Network.swift */; };
		09907A7F293CC1CA00BA7148 /* UserList.swift in Sources */ = {isa = PBXBuildFile; fileRef = 09907A7E293CC1CA00BA7148 /* UserList.swift */; };
		09907A82293CC1FC00BA7148 /* UserDetails.swift in Sources */ = {isa = PBXBuildFile; fileRef = 09907A81293CC1FC00BA7148 /* UserDetails.swift */; };
		09907A85293CC23C00BA7148 /* Logger.swift in Sources */ = {isa = PBXBuildFile; fileRef = 09907A84293CC23C00BA7148 /* Logger.swift */; };
		09907A88293CC3DF00BA7148 /* UserDetails+Model.swift in Sources */ = {isa = PBXBuildFile; fileRef = 09907A87293CC3DF00BA7148 /* UserDetails+Model.swift */; };
		09907A8A293CC58000BA7148 /* UserList+Model.swift in Sources */ = {isa = PBXBuildFile; fileRef = 09907A89293CC58000BA7148 /* UserList+Model.swift */; };
		09907A8D293CC79A00BA7148 /* UserList+ViewModel.swift in Sources */ = {isa = PBXBuildFile; fileRef = 09907A8C293CC79A00BA7148 /* UserList+ViewModel.swift */; };
		09907A8F293CC7B500BA7148 /* UserDetails+ViewModel.swift in Sources */ = {isa = PBXBuildFile; fileRef = 09907A8E293CC7B500BA7148 /* UserDetails+ViewModel.swift */; };
		09907A95293CDF5E00BA7148 /* UserList+Router.swift in Sources */ = {isa = PBXBuildFile; fileRef = 09907A94293CDF5E00BA7148 /* UserList+Router.swift */; };
		09907A97293CE1A600BA7148 /* UserList+ViewController.swift in Sources */ = {isa = PBXBuildFile; fileRef = 09907A96293CE1A600BA7148 /* UserList+ViewController.swift */; };
		09907A9A293CE92500BA7148 /* Then.swift in Sources */ = {isa = PBXBuildFile; fileRef = 09907A99293CE92500BA7148 /* Then.swift */; };
		09907A9D293CEC3200BA7148 /* ChainLayout.swift in Sources */ = {isa = PBXBuildFile; fileRef = 09907A9C293CEC3200BA7148 /* ChainLayout.swift */; };
		09907A9F293CEC5400BA7148 /* UIViewExtension.swift in Sources */ = {isa = PBXBuildFile; fileRef = 09907A9E293CEC5400BA7148 /* UIViewExtension.swift */; };
		09907AA3293CF0BD00BA7148 /* UserList+Service.swift in Sources */ = {isa = PBXBuildFile; fileRef = 09907AA2293CF0BD00BA7148 /* UserList+Service.swift */; };
		09907AA8293CF53A00BA7148 /* user-list.json in Resources */ = {isa = PBXBuildFile; fileRef = 09907AA6293CF53A00BA7148 /* user-list.json */; };
		09907AAB293CF67C00BA7148 /* UserList+Assembly.swift in Sources */ = {isa = PBXBuildFile; fileRef = 09907AAA293CF67C00BA7148 /* UserList+Assembly.swift */; };
		09907AAF293D04D400BA7148 /* UITableView+register.swift in Sources */ = {isa = PBXBuildFile; fileRef = 09907AAE293D04D400BA7148 /* UITableView+register.swift */; };
		09907AB3293D051300BA7148 /* String+className.swift in Sources */ = {isa = PBXBuildFile; fileRef = 09907AB2293D051300BA7148 /* String+className.swift */; };
		09907AB7293D057400BA7148 /* UserList+Cell.swift in Sources */ = {isa = PBXBuildFile; fileRef = 09907AB6293D057400BA7148 /* UserList+Cell.swift */; };
		09907ABB293D09BA00BA7148 /* UITableView+Subscribers.swift in Sources */ = {isa = PBXBuildFile; fileRef = 09907ABA293D09BA00BA7148 /* UITableView+Subscribers.swift */; };
		09907ABE293D0A0B00BA7148 /* TableViewItemsController.swift in Sources */ = {isa = PBXBuildFile; fileRef = 09907ABD293D0A0B00BA7148 /* TableViewItemsController.swift */; };
		09907AC1293D0A6700BA7148 /* Section.swift in Sources */ = {isa = PBXBuildFile; fileRef = 09907AC0293D0A6700BA7148 /* Section.swift */; };
		09907AC4293D0B0700BA7148 /* Publisher+Bind.swift in Sources */ = {isa = PBXBuildFile; fileRef = 09907AC3293D0B0700BA7148 /* Publisher+Bind.swift */; };
		09907AC8293D122000BA7148 /* UIView+ActivityIndicator.swift in Sources */ = {isa = PBXBuildFile; fileRef = 09907AC7293D122000BA7148 /* UIView+ActivityIndicator.swift */; };
		09907ACB293D271F00BA7148 /* Network+handleError.swift in Sources */ = {isa = PBXBuildFile; fileRef = 09907ACA293D271F00BA7148 /* Network+handleError.swift */; };
		09907ACD293D281000BA7148 /* Network+httpMethod.swift in Sources */ = {isa = PBXBuildFile; fileRef = 09907ACC293D281000BA7148 /* Network+httpMethod.swift */; };
		09907ACF293D289500BA7148 /* URLHost.swift in Sources */ = {isa = PBXBuildFile; fileRef = 09907ACE293D289500BA7148 /* URLHost.swift */; };
		09907AD2293D29A500BA7148 /* Endpoint.swift in Sources */ = {isa = PBXBuildFile; fileRef = 09907AD1293D29A500BA7148 /* Endpoint.swift */; };
		09907AD4293D29DF00BA7148 /* AccessToken.swift in Sources */ = {isa = PBXBuildFile; fileRef = 09907AD3293D29DF00BA7148 /* AccessToken.swift */; };
		09907AD6293D2A0600BA7148 /* Endpoint+userList.swift in Sources */ = {isa = PBXBuildFile; fileRef = 09907AD5293D2A0600BA7148 /* Endpoint+userList.swift */; };
		09907AD8293D2AA900BA7148 /* URLSession+publisher.swift in Sources */ = {isa = PBXBuildFile; fileRef = 09907AD7293D2AA900BA7148 /* URLSession+publisher.swift */; };
		09907ADF2940C6F500BA7148 /* UserDetails+ViewController.swift in Sources */ = {isa = PBXBuildFile; fileRef = 09907ADE2940C6F500BA7148 /* UserDetails+ViewController.swift */; };
		09907AE12940C8B200BA7148 /* UserDetails+Assembly.swift in Sources */ = {isa = PBXBuildFile; fileRef = 09907AE02940C8B200BA7148 /* UserDetails+Assembly.swift */; };
		09907AE52940E65900BA7148 /* UserDetails+Service.swift in Sources */ = {isa = PBXBuildFile; fileRef = 09907AE42940E65900BA7148 /* UserDetails+Service.swift */; };
		09AB22FE294659B900F8C176 /* URLSession+extractNextSince+Tests.swift in Sources */ = {isa = PBXBuildFile; fileRef = 09AB22FD294659B900F8C176 /* URLSession+extractNextSince+Tests.swift */; };
		09AB230229471DB700F8C176 /* URLSessionMock.swift in Sources */ = {isa = PBXBuildFile; fileRef = 09AB230129471DB700F8C176 /* URLSessionMock.swift */; };
		09AB23052947217700F8C176 /* UserList.Model+mockedUserList.swift in Sources */ = {isa = PBXBuildFile; fileRef = 09AB23042947217700F8C176 /* UserList.Model+mockedUserList.swift */; };
		09AB2308294722BE00F8C176 /* UserList+MockURLResponder.swift in Sources */ = {isa = PBXBuildFile; fileRef = 09AB2307294722BE00F8C176 /* UserList+MockURLResponder.swift */; };
		09AB231429472DB800F8C176 /* UserDetails+mockedUserDetails.swift in Sources */ = {isa = PBXBuildFile; fileRef = 09AB231029472C1900F8C176 /* UserDetails+mockedUserDetails.swift */; };
		09AB231529472DD300F8C176 /* UserList+Service+Mock.swift in Sources */ = {isa = PBXBuildFile; fileRef = 09907AA4293CF3F300BA7148 /* UserList+Service+Mock.swift */; };
		09AB231629472DDF00F8C176 /* UserDetails+Service-Mock.swift in Sources */ = {isa = PBXBuildFile; fileRef = 096BB4442940E92600502E5B /* UserDetails+Service-Mock.swift */; };
		09AB231729472DE300F8C176 /* UserDetails+MockURLResponder.swift in Sources */ = {isa = PBXBuildFile; fileRef = 09AB230E29472B9B00F8C176 /* UserDetails+MockURLResponder.swift */; };
		09AB231929472F8000F8C176 /* UserList+Network+IntegrationTests.swift in Sources */ = {isa = PBXBuildFile; fileRef = 09AB231829472F8000F8C176 /* UserList+Network+IntegrationTests.swift */; };
		09AB231B2947B3A000F8C176 /* UserDetails+Network+IntegrationTests.swift in Sources */ = {isa = PBXBuildFile; fileRef = 09AB231A2947B3A000F8C176 /* UserDetails+Network+IntegrationTests.swift */; };
		09AB231E2949219E00F8C176 /* EndpointKinds+Stub.swift in Sources */ = {isa = PBXBuildFile; fileRef = 09AB231D2949219E00F8C176 /* EndpointKinds+Stub.swift */; };
		09AB2320294921BB00F8C176 /* URLHost+expectedURL.swift in Sources */ = {isa = PBXBuildFile; fileRef = 09AB231F294921BB00F8C176 /* URLHost+expectedURL.swift */; };
		09AB2322294922F600F8C176 /* EndpointTests.swift in Sources */ = {isa = PBXBuildFile; fileRef = 09AB2321294922F600F8C176 /* EndpointTests.swift */; };
		09AB2325294927F700F8C176 /* UserDetails+ViewModel+Tests.swift in Sources */ = {isa = PBXBuildFile; fileRef = 09AB2324294927F700F8C176 /* UserDetails+ViewModel+Tests.swift */; };
		09AB23272949D75700F8C176 /* UserList+ViewModel+Tests.swift in Sources */ = {isa = PBXBuildFile; fileRef = 09AB23262949D75700F8C176 /* UserList+ViewModel+Tests.swift */; };
		09AB232A2949E40900F8C176 /* Cache+Service+Tests.swift in Sources */ = {isa = PBXBuildFile; fileRef = 09AB23292949E40900F8C176 /* Cache+Service+Tests.swift */; };
		09AB232D2949ED3100F8C176 /* ImageLoader+Service+Tests.swift in Sources */ = {isa = PBXBuildFile; fileRef = 09AB232C2949ED3100F8C176 /* ImageLoader+Service+Tests.swift */; };
		09AB23332949FF0300F8C176 /* UserList+ViewController+Tests.swift in Sources */ = {isa = PBXBuildFile; fileRef = 09AB23322949FF0300F8C176 /* UserList+ViewController+Tests.swift */; };
		09AB23362949FFB500F8C176 /* UserList+ViewModel+Mock.swift in Sources */ = {isa = PBXBuildFile; fileRef = 09AB23352949FFB500F8C176 /* UserList+ViewModel+Mock.swift */; };
		09AB2338294A032900F8C176 /* UserList+Router+Mock.swift in Sources */ = {isa = PBXBuildFile; fileRef = 09AB2337294A032900F8C176 /* UserList+Router+Mock.swift */; };
		09AB233B294A090000F8C176 /* UserDetails+ViewModel+Mock.swift in Sources */ = {isa = PBXBuildFile; fileRef = 09AB233A294A090000F8C176 /* UserDetails+ViewModel+Mock.swift */; };
		09AB233D294A09C500F8C176 /* UserDetails+ViewController+Tests.swift in Sources */ = {isa = PBXBuildFile; fileRef = 09AB233C294A09C500F8C176 /* UserDetails+ViewController+Tests.swift */; };
		09AB233F294A0BFA00F8C176 /* UserList+Cell+Tests.swift in Sources */ = {isa = PBXBuildFile; fileRef = 09AB233E294A0BFA00F8C176 /* UserList+Cell+Tests.swift */; };
		09AB2342294A0D9500F8C176 /* Then+Tests.swift in Sources */ = {isa = PBXBuildFile; fileRef = 09AB2341294A0D9500F8C176 /* Then+Tests.swift */; };
		09DD7A4B29429D8400649B7F /* UIImage+placeholder.swift in Sources */ = {isa = PBXBuildFile; fileRef = 09DD7A4A29429D8400649B7F /* UIImage+placeholder.swift */; };
/* End PBXBuildFile section */

/* Begin PBXContainerItemProxy section */
		09907A54293CBA9100BA7148 /* PBXContainerItemProxy */ = {
			isa = PBXContainerItemProxy;
			containerPortal = 09907A35293CBA9000BA7148 /* Project object */;
			proxyType = 1;
			remoteGlobalIDString = 09907A3C293CBA9000BA7148;
			remoteInfo = "mbition-ios";
		};
/* End PBXContainerItemProxy section */

/* Begin PBXFileReference section */
		0948B22E2943B9500055F048 /* UIScrollView+Combine.swift */ = {isa = PBXFileReference; lastKnownFileType = sourcecode.swift; path = "UIScrollView+Combine.swift"; sourceTree = "<group>"; };
		0948B2302943C20B0055F048 /* Pagination.swift */ = {isa = PBXFileReference; lastKnownFileType = sourcecode.swift; path = Pagination.swift; sourceTree = "<group>"; };
		0948B2332943CA510055F048 /* XCTestCase+await.swift */ = {isa = PBXFileReference; lastKnownFileType = sourcecode.swift; path = "XCTestCase+await.swift"; sourceTree = "<group>"; };
		0948B2372943CD5E0055F048 /* PaginationTests.swift */ = {isa = PBXFileReference; lastKnownFileType = sourcecode.swift; path = PaginationTests.swift; sourceTree = "<group>"; };
		0948B23B2943E7D40055F048 /* Combine+withLatestFrom.swift */ = {isa = PBXFileReference; lastKnownFileType = sourcecode.swift; path = "Combine+withLatestFrom.swift"; sourceTree = "<group>"; };
		096BB4422940E90E00502E5B /* user-details.json */ = {isa = PBXFileReference; fileEncoding = 4; lastKnownFileType = text.json; name = "user-details.json"; path = "mbition-iosTests/Service/UserDetails/Mock/user-details.json"; sourceTree = SOURCE_ROOT; };
		096BB4442940E92600502E5B /* UserDetails+Service-Mock.swift */ = {isa = PBXFileReference; lastKnownFileType = sourcecode.swift; path = "UserDetails+Service-Mock.swift"; sourceTree = "<group>"; };
		096BB44929413E2800502E5B /* TitleAndValueView.swift */ = {isa = PBXFileReference; lastKnownFileType = sourcecode.swift; path = TitleAndValueView.swift; sourceTree = "<group>"; };
		096BB44F2941601100502E5B /* SectionView.swift */ = {isa = PBXFileReference; lastKnownFileType = sourcecode.swift; path = SectionView.swift; sourceTree = "<group>"; };
		096BB4522941675700502E5B /* UIView+constraintForAttribute.swift */ = {isa = PBXFileReference; lastKnownFileType = sourcecode.swift; path = "UIView+constraintForAttribute.swift"; sourceTree = "<group>"; };
		096BB4542941FD6200502E5B /* Endpoint+userDetails.swift */ = {isa = PBXFileReference; lastKnownFileType = sourcecode.swift; path = "Endpoint+userDetails.swift"; sourceTree = "<group>"; };
		096BB45B2942117D00502E5B /* BannerView.swift */ = {isa = PBXFileReference; lastKnownFileType = sourcecode.swift; path = BannerView.swift; sourceTree = "<group>"; };
		096BB45E2942147700502E5B /* UIButton+Combine.swift */ = {isa = PBXFileReference; lastKnownFileType = sourcecode.swift; path = "UIButton+Combine.swift"; sourceTree = "<group>"; };
		096BB460294214A000502E5B /* UIControl+Combine.swift */ = {isa = PBXFileReference; lastKnownFileType = sourcecode.swift; path = "UIControl+Combine.swift"; sourceTree = "<group>"; };
		096BB462294214FA00502E5B /* CombineControlEvent.swift */ = {isa = PBXFileReference; lastKnownFileType = sourcecode.swift; path = CombineControlEvent.swift; sourceTree = "<group>"; };
		096BB4642942183100502E5B /* UIViewController+banner.swift */ = {isa = PBXFileReference; lastKnownFileType = sourcecode.swift; path = "UIViewController+banner.swift"; sourceTree = "<group>"; };
		096BB4662942349100502E5B /* String+truncate.swift */ = {isa = PBXFileReference; lastKnownFileType = sourcecode.swift; path = "String+truncate.swift"; sourceTree = "<group>"; };
		096BB4682942350A00502E5B /* String+nilIfEmpty.swift */ = {isa = PBXFileReference; lastKnownFileType = sourcecode.swift; path = "String+nilIfEmpty.swift"; sourceTree = "<group>"; };
		096BB46B294260D000502E5B /* UIImage+decoded.swift */ = {isa = PBXFileReference; lastKnownFileType = sourcecode.swift; path = "UIImage+decoded.swift"; sourceTree = "<group>"; };
		096BB46E294263F300502E5B /* Cache.swift */ = {isa = PBXFileReference; lastKnownFileType = sourcecode.swift; path = Cache.swift; sourceTree = "<group>"; };
		096BB4702942642B00502E5B /* Cache+Service.swift */ = {isa = PBXFileReference; lastKnownFileType = sourcecode.swift; path = "Cache+Service.swift"; sourceTree = "<group>"; };
		096BB4722942701500502E5B /* UIImage+estimatedSize.swift */ = {isa = PBXFileReference; lastKnownFileType = sourcecode.swift; path = "UIImage+estimatedSize.swift"; sourceTree = "<group>"; };
		096BB474294271DE00502E5B /* ImageLoader.swift */ = {isa = PBXFileReference; lastKnownFileType = sourcecode.swift; path = ImageLoader.swift; sourceTree = "<group>"; };
		096BB4772942720A00502E5B /* ImageLoader+Service.swift */ = {isa = PBXFileReference; lastKnownFileType = sourcecode.swift; path = "ImageLoader+Service.swift"; sourceTree = "<group>"; };
		09907A3D293CBA9000BA7148 /* mbition-ios.app */ = {isa = PBXFileReference; explicitFileType = wrapper.application; includeInIndex = 0; path = "mbition-ios.app"; sourceTree = BUILT_PRODUCTS_DIR; };
		09907A40293CBA9000BA7148 /* AppDelegate.swift */ = {isa = PBXFileReference; lastKnownFileType = sourcecode.swift; path = AppDelegate.swift; sourceTree = "<group>"; };
		09907A42293CBA9000BA7148 /* SceneDelegate.swift */ = {isa = PBXFileReference; lastKnownFileType = sourcecode.swift; path = SceneDelegate.swift; sourceTree = "<group>"; };
		09907A47293CBA9000BA7148 /* Base */ = {isa = PBXFileReference; lastKnownFileType = file.storyboard; name = Base; path = Base.lproj/Main.storyboard; sourceTree = "<group>"; };
		09907A49293CBA9100BA7148 /* Assets.xcassets */ = {isa = PBXFileReference; lastKnownFileType = folder.assetcatalog; path = Assets.xcassets; sourceTree = "<group>"; };
		09907A4C293CBA9100BA7148 /* Base */ = {isa = PBXFileReference; lastKnownFileType = file.storyboard; name = Base; path = Base.lproj/LaunchScreen.storyboard; sourceTree = "<group>"; };
		09907A4E293CBA9100BA7148 /* Info.plist */ = {isa = PBXFileReference; lastKnownFileType = text.plist.xml; path = Info.plist; sourceTree = "<group>"; };
		09907A53293CBA9100BA7148 /* mbition-iosTests.xctest */ = {isa = PBXFileReference; explicitFileType = wrapper.cfbundle; includeInIndex = 0; path = "mbition-iosTests.xctest"; sourceTree = BUILT_PRODUCTS_DIR; };
		09907A70293CBD8D00BA7148 /* Constants.swift */ = {isa = PBXFileReference; lastKnownFileType = sourcecode.swift; path = Constants.swift; sourceTree = "<group>"; };
		09907A73293CBE5D00BA7148 /* ColorDefines.swift */ = {isa = PBXFileReference; lastKnownFileType = sourcecode.swift; path = ColorDefines.swift; sourceTree = "<group>"; };
		09907A77293CBF3500BA7148 /* UIColor+hex.swift */ = {isa = PBXFileReference; lastKnownFileType = sourcecode.swift; path = "UIColor+hex.swift"; sourceTree = "<group>"; };
		09907A7B293CC16900BA7148 /* Network.swift */ = {isa = PBXFileReference; lastKnownFileType = sourcecode.swift; path = Network.swift; sourceTree = "<group>"; };
		09907A7E293CC1CA00BA7148 /* UserList.swift */ = {isa = PBXFileReference; lastKnownFileType = sourcecode.swift; path = UserList.swift; sourceTree = "<group>"; };
		09907A81293CC1FC00BA7148 /* UserDetails.swift */ = {isa = PBXFileReference; lastKnownFileType = sourcecode.swift; path = UserDetails.swift; sourceTree = "<group>"; };
		09907A84293CC23C00BA7148 /* Logger.swift */ = {isa = PBXFileReference; lastKnownFileType = sourcecode.swift; path = Logger.swift; sourceTree = "<group>"; };
		09907A87293CC3DF00BA7148 /* UserDetails+Model.swift */ = {isa = PBXFileReference; lastKnownFileType = sourcecode.swift; path = "UserDetails+Model.swift"; sourceTree = "<group>"; };
		09907A89293CC58000BA7148 /* UserList+Model.swift */ = {isa = PBXFileReference; lastKnownFileType = sourcecode.swift; path = "UserList+Model.swift"; sourceTree = "<group>"; };
		09907A8C293CC79A00BA7148 /* UserList+ViewModel.swift */ = {isa = PBXFileReference; lastKnownFileType = sourcecode.swift; path = "UserList+ViewModel.swift"; sourceTree = "<group>"; };
		09907A8E293CC7B500BA7148 /* UserDetails+ViewModel.swift */ = {isa = PBXFileReference; lastKnownFileType = sourcecode.swift; path = "UserDetails+ViewModel.swift"; sourceTree = "<group>"; };
		09907A94293CDF5E00BA7148 /* UserList+Router.swift */ = {isa = PBXFileReference; lastKnownFileType = sourcecode.swift; path = "UserList+Router.swift"; sourceTree = "<group>"; };
		09907A96293CE1A600BA7148 /* UserList+ViewController.swift */ = {isa = PBXFileReference; lastKnownFileType = sourcecode.swift; path = "UserList+ViewController.swift"; sourceTree = "<group>"; };
		09907A99293CE92500BA7148 /* Then.swift */ = {isa = PBXFileReference; lastKnownFileType = sourcecode.swift; path = Then.swift; sourceTree = "<group>"; };
		09907A9C293CEC3200BA7148 /* ChainLayout.swift */ = {isa = PBXFileReference; lastKnownFileType = sourcecode.swift; path = ChainLayout.swift; sourceTree = "<group>"; };
		09907A9E293CEC5400BA7148 /* UIViewExtension.swift */ = {isa = PBXFileReference; lastKnownFileType = sourcecode.swift; path = UIViewExtension.swift; sourceTree = "<group>"; };
		09907AA2293CF0BD00BA7148 /* UserList+Service.swift */ = {isa = PBXFileReference; lastKnownFileType = sourcecode.swift; path = "UserList+Service.swift"; sourceTree = "<group>"; };
		09907AA4293CF3F300BA7148 /* UserList+Service+Mock.swift */ = {isa = PBXFileReference; lastKnownFileType = sourcecode.swift; path = "UserList+Service+Mock.swift"; sourceTree = "<group>"; };
		09907AA6293CF53A00BA7148 /* user-list.json */ = {isa = PBXFileReference; fileEncoding = 4; lastKnownFileType = text.json; name = "user-list.json"; path = "mbition-iosTests/Service/UserList/Mock/user-list.json"; sourceTree = SOURCE_ROOT; };
		09907AAA293CF67C00BA7148 /* UserList+Assembly.swift */ = {isa = PBXFileReference; lastKnownFileType = sourcecode.swift; path = "UserList+Assembly.swift"; sourceTree = "<group>"; };
		09907AAE293D04D400BA7148 /* UITableView+register.swift */ = {isa = PBXFileReference; lastKnownFileType = sourcecode.swift; path = "UITableView+register.swift"; sourceTree = "<group>"; };
		09907AB2293D051300BA7148 /* String+className.swift */ = {isa = PBXFileReference; lastKnownFileType = sourcecode.swift; path = "String+className.swift"; sourceTree = "<group>"; };
		09907AB6293D057400BA7148 /* UserList+Cell.swift */ = {isa = PBXFileReference; lastKnownFileType = sourcecode.swift; path = "UserList+Cell.swift"; sourceTree = "<group>"; };
		09907ABA293D09BA00BA7148 /* UITableView+Subscribers.swift */ = {isa = PBXFileReference; lastKnownFileType = sourcecode.swift; path = "UITableView+Subscribers.swift"; sourceTree = "<group>"; };
		09907ABD293D0A0B00BA7148 /* TableViewItemsController.swift */ = {isa = PBXFileReference; lastKnownFileType = sourcecode.swift; path = TableViewItemsController.swift; sourceTree = "<group>"; };
		09907AC0293D0A6700BA7148 /* Section.swift */ = {isa = PBXFileReference; lastKnownFileType = sourcecode.swift; path = Section.swift; sourceTree = "<group>"; };
		09907AC3293D0B0700BA7148 /* Publisher+Bind.swift */ = {isa = PBXFileReference; lastKnownFileType = sourcecode.swift; path = "Publisher+Bind.swift"; sourceTree = "<group>"; };
		09907AC7293D122000BA7148 /* UIView+ActivityIndicator.swift */ = {isa = PBXFileReference; lastKnownFileType = sourcecode.swift; path = "UIView+ActivityIndicator.swift"; sourceTree = "<group>"; };
		09907ACA293D271F00BA7148 /* Network+handleError.swift */ = {isa = PBXFileReference; lastKnownFileType = sourcecode.swift; path = "Network+handleError.swift"; sourceTree = "<group>"; };
		09907ACC293D281000BA7148 /* Network+httpMethod.swift */ = {isa = PBXFileReference; lastKnownFileType = sourcecode.swift; path = "Network+httpMethod.swift"; sourceTree = "<group>"; };
		09907ACE293D289500BA7148 /* URLHost.swift */ = {isa = PBXFileReference; lastKnownFileType = sourcecode.swift; path = URLHost.swift; sourceTree = "<group>"; };
		09907AD1293D29A500BA7148 /* Endpoint.swift */ = {isa = PBXFileReference; lastKnownFileType = sourcecode.swift; path = Endpoint.swift; sourceTree = "<group>"; };
		09907AD3293D29DF00BA7148 /* AccessToken.swift */ = {isa = PBXFileReference; lastKnownFileType = sourcecode.swift; path = AccessToken.swift; sourceTree = "<group>"; };
		09907AD5293D2A0600BA7148 /* Endpoint+userList.swift */ = {isa = PBXFileReference; lastKnownFileType = sourcecode.swift; path = "Endpoint+userList.swift"; sourceTree = "<group>"; };
		09907AD7293D2AA900BA7148 /* URLSession+publisher.swift */ = {isa = PBXFileReference; lastKnownFileType = sourcecode.swift; path = "URLSession+publisher.swift"; sourceTree = "<group>"; };
		09907ADE2940C6F500BA7148 /* UserDetails+ViewController.swift */ = {isa = PBXFileReference; lastKnownFileType = sourcecode.swift; path = "UserDetails+ViewController.swift"; sourceTree = "<group>"; };
		09907AE02940C8B200BA7148 /* UserDetails+Assembly.swift */ = {isa = PBXFileReference; lastKnownFileType = sourcecode.swift; path = "UserDetails+Assembly.swift"; sourceTree = "<group>"; };
		09907AE42940E65900BA7148 /* UserDetails+Service.swift */ = {isa = PBXFileReference; lastKnownFileType = sourcecode.swift; path = "UserDetails+Service.swift"; sourceTree = "<group>"; };
		09AB22FD294659B900F8C176 /* URLSession+extractNextSince+Tests.swift */ = {isa = PBXFileReference; lastKnownFileType = sourcecode.swift; path = "URLSession+extractNextSince+Tests.swift"; sourceTree = "<group>"; };
		09AB230129471DB700F8C176 /* URLSessionMock.swift */ = {isa = PBXFileReference; lastKnownFileType = sourcecode.swift; path = URLSessionMock.swift; sourceTree = "<group>"; };
		09AB23042947217700F8C176 /* UserList.Model+mockedUserList.swift */ = {isa = PBXFileReference; lastKnownFileType = sourcecode.swift; path = "UserList.Model+mockedUserList.swift"; sourceTree = "<group>"; };
		09AB2307294722BE00F8C176 /* UserList+MockURLResponder.swift */ = {isa = PBXFileReference; lastKnownFileType = sourcecode.swift; path = "UserList+MockURLResponder.swift"; sourceTree = "<group>"; };
		09AB230E29472B9B00F8C176 /* UserDetails+MockURLResponder.swift */ = {isa = PBXFileReference; lastKnownFileType = sourcecode.swift; path = "UserDetails+MockURLResponder.swift"; sourceTree = "<group>"; };
		09AB231029472C1900F8C176 /* UserDetails+mockedUserDetails.swift */ = {isa = PBXFileReference; lastKnownFileType = sourcecode.swift; path = "UserDetails+mockedUserDetails.swift"; sourceTree = "<group>"; };
		09AB231829472F8000F8C176 /* UserList+Network+IntegrationTests.swift */ = {isa = PBXFileReference; lastKnownFileType = sourcecode.swift; path = "UserList+Network+IntegrationTests.swift"; sourceTree = "<group>"; };
		09AB231A2947B3A000F8C176 /* UserDetails+Network+IntegrationTests.swift */ = {isa = PBXFileReference; lastKnownFileType = sourcecode.swift; path = "UserDetails+Network+IntegrationTests.swift"; sourceTree = "<group>"; };
		09AB231D2949219E00F8C176 /* EndpointKinds+Stub.swift */ = {isa = PBXFileReference; lastKnownFileType = sourcecode.swift; path = "EndpointKinds+Stub.swift"; sourceTree = "<group>"; };
		09AB231F294921BB00F8C176 /* URLHost+expectedURL.swift */ = {isa = PBXFileReference; lastKnownFileType = sourcecode.swift; path = "URLHost+expectedURL.swift"; sourceTree = "<group>"; };
		09AB2321294922F600F8C176 /* EndpointTests.swift */ = {isa = PBXFileReference; lastKnownFileType = sourcecode.swift; path = EndpointTests.swift; sourceTree = "<group>"; };
		09AB2324294927F700F8C176 /* UserDetails+ViewModel+Tests.swift */ = {isa = PBXFileReference; lastKnownFileType = sourcecode.swift; path = "UserDetails+ViewModel+Tests.swift"; sourceTree = "<group>"; };
		09AB23262949D75700F8C176 /* UserList+ViewModel+Tests.swift */ = {isa = PBXFileReference; lastKnownFileType = sourcecode.swift; path = "UserList+ViewModel+Tests.swift"; sourceTree = "<group>"; };
		09AB23292949E40900F8C176 /* Cache+Service+Tests.swift */ = {isa = PBXFileReference; lastKnownFileType = sourcecode.swift; path = "Cache+Service+Tests.swift"; sourceTree = "<group>"; };
		09AB232C2949ED3100F8C176 /* ImageLoader+Service+Tests.swift */ = {isa = PBXFileReference; lastKnownFileType = sourcecode.swift; path = "ImageLoader+Service+Tests.swift"; sourceTree = "<group>"; };
		09AB23322949FF0300F8C176 /* UserList+ViewController+Tests.swift */ = {isa = PBXFileReference; lastKnownFileType = sourcecode.swift; path = "UserList+ViewController+Tests.swift"; sourceTree = "<group>"; };
		09AB23352949FFB500F8C176 /* UserList+ViewModel+Mock.swift */ = {isa = PBXFileReference; lastKnownFileType = sourcecode.swift; path = "UserList+ViewModel+Mock.swift"; sourceTree = "<group>"; };
		09AB2337294A032900F8C176 /* UserList+Router+Mock.swift */ = {isa = PBXFileReference; lastKnownFileType = sourcecode.swift; path = "UserList+Router+Mock.swift"; sourceTree = "<group>"; };
		09AB233A294A090000F8C176 /* UserDetails+ViewModel+Mock.swift */ = {isa = PBXFileReference; lastKnownFileType = sourcecode.swift; path = "UserDetails+ViewModel+Mock.swift"; sourceTree = "<group>"; };
		09AB233C294A09C500F8C176 /* UserDetails+ViewController+Tests.swift */ = {isa = PBXFileReference; lastKnownFileType = sourcecode.swift; path = "UserDetails+ViewController+Tests.swift"; sourceTree = "<group>"; };
		09AB233E294A0BFA00F8C176 /* UserList+Cell+Tests.swift */ = {isa = PBXFileReference; lastKnownFileType = sourcecode.swift; path = "UserList+Cell+Tests.swift"; sourceTree = "<group>"; };
		09AB2341294A0D9500F8C176 /* Then+Tests.swift */ = {isa = PBXFileReference; lastKnownFileType = sourcecode.swift; path = "Then+Tests.swift"; sourceTree = "<group>"; };
		09DD7A4A29429D8400649B7F /* UIImage+placeholder.swift */ = {isa = PBXFileReference; lastKnownFileType = sourcecode.swift; path = "UIImage+placeholder.swift"; sourceTree = "<group>"; };
/* End PBXFileReference section */

/* Begin PBXFrameworksBuildPhase section */
		09907A3A293CBA9000BA7148 /* Frameworks */ = {
			isa = PBXFrameworksBuildPhase;
			buildActionMask = 2147483647;
			files = (
			);
			runOnlyForDeploymentPostprocessing = 0;
		};
		09907A50293CBA9100BA7148 /* Frameworks */ = {
			isa = PBXFrameworksBuildPhase;
			buildActionMask = 2147483647;
			files = (
			);
			runOnlyForDeploymentPostprocessing = 0;
		};
/* End PBXFrameworksBuildPhase section */

/* Begin PBXGroup section */
		0948B2322943C2600055F048 /* Pagination */ = {
			isa = PBXGroup;
			children = (
				0948B2302943C20B0055F048 /* Pagination.swift */,
			);
			path = Pagination;
			sourceTree = "<group>";
		};
		0948B2352943CD280055F048 /* Helper */ = {
			isa = PBXGroup;
			children = (
				09AB2340294A0D8600F8C176 /* Then */,
				0948B2362943CD330055F048 /* Pagination */,
			);
			path = Helper;
			sourceTree = "<group>";
		};
		0948B2362943CD330055F048 /* Pagination */ = {
			isa = PBXGroup;
			children = (
				0948B2372943CD5E0055F048 /* PaginationTests.swift */,
			);
			path = Pagination;
			sourceTree = "<group>";
		};
		0948B23A2943E7B70055F048 /* Combine */ = {
			isa = PBXGroup;
			children = (
				0948B23B2943E7D40055F048 /* Combine+withLatestFrom.swift */,
			);
			path = Combine;
			sourceTree = "<group>";
		};
		096BB4412940E8DA00502E5B /* UserDetails */ = {
			isa = PBXGroup;
			children = (
				09AB230D29472B7400F8C176 /* Mock */,
				09AB231A2947B3A000F8C176 /* UserDetails+Network+IntegrationTests.swift */,
			);
			path = UserDetails;
			sourceTree = "<group>";
		};
		096BB44829413D3900502E5B /* Views */ = {
			isa = PBXGroup;
			children = (
				096BB44929413E2800502E5B /* TitleAndValueView.swift */,
				096BB44F2941601100502E5B /* SectionView.swift */,
			);
			path = Views;
			sourceTree = "<group>";
		};
		096BB4512941674300502E5B /* UIView */ = {
			isa = PBXGroup;
			children = (
				096BB4522941675700502E5B /* UIView+constraintForAttribute.swift */,
			);
			path = UIView;
			sourceTree = "<group>";
		};
		096BB45A2942115E00502E5B /* BannerView */ = {
			isa = PBXGroup;
			children = (
				096BB45B2942117D00502E5B /* BannerView.swift */,
				096BB4642942183100502E5B /* UIViewController+banner.swift */,
			);
			path = BannerView;
			sourceTree = "<group>";
		};
		096BB45D2942145700502E5B /* CombineCocoa */ = {
			isa = PBXGroup;
			children = (
				096BB462294214FA00502E5B /* CombineControlEvent.swift */,
				096BB460294214A000502E5B /* UIControl+Combine.swift */,
				096BB45E2942147700502E5B /* UIButton+Combine.swift */,
				0948B22E2943B9500055F048 /* UIScrollView+Combine.swift */,
			);
			path = CombineCocoa;
			sourceTree = "<group>";
		};
		096BB46A294260A000502E5B /* UIImage */ = {
			isa = PBXGroup;
			children = (
				096BB46B294260D000502E5B /* UIImage+decoded.swift */,
				09DD7A4A29429D8400649B7F /* UIImage+placeholder.swift */,
				096BB4722942701500502E5B /* UIImage+estimatedSize.swift */,
			);
			path = UIImage;
			sourceTree = "<group>";
		};
		096BB46D2942620F00502E5B /* Cache */ = {
			isa = PBXGroup;
			children = (
				096BB4702942642B00502E5B /* Cache+Service.swift */,
			);
			path = Cache;
			sourceTree = "<group>";
		};
		096BB476294271F100502E5B /* ImageLoader */ = {
			isa = PBXGroup;
			children = (
				096BB4772942720A00502E5B /* ImageLoader+Service.swift */,
			);
			path = ImageLoader;
			sourceTree = "<group>";
		};
		09907A34293CBA9000BA7148 = {
			isa = PBXGroup;
			children = (
				09907A3F293CBA9000BA7148 /* mbition-ios */,
				09907A56293CBA9100BA7148 /* mbition-iosTests */,
				09907A3E293CBA9000BA7148 /* Products */,
			);
			sourceTree = "<group>";
		};
		09907A3E293CBA9000BA7148 /* Products */ = {
			isa = PBXGroup;
			children = (
				09907A3D293CBA9000BA7148 /* mbition-ios.app */,
				09907A53293CBA9100BA7148 /* mbition-iosTests.xctest */,
			);
			name = Products;
			sourceTree = "<group>";
		};
		09907A3F293CBA9000BA7148 /* mbition-ios */ = {
			isa = PBXGroup;
			children = (
				09907A40293CBA9000BA7148 /* AppDelegate.swift */,
				09907A42293CBA9000BA7148 /* SceneDelegate.swift */,
				09907A70293CBD8D00BA7148 /* Constants.swift */,
				09907A72293CBE4900BA7148 /* Appearance */,
				09907A93293CDDFD00BA7148 /* Namespace */,
				09907A79293CBFB600BA7148 /* Service */,
				09907A86293CC36100BA7148 /* Model */,
				09907A8B293CC76800BA7148 /* ViewModel */,
				09907A90293CDD0900BA7148 /* Scene */,
				09907A75293CBF0300BA7148 /* Helper */,
				09907A46293CBA9000BA7148 /* Main.storyboard */,
				09907A49293CBA9100BA7148 /* Assets.xcassets */,
				09907A4B293CBA9100BA7148 /* LaunchScreen.storyboard */,
				09907A4E293CBA9100BA7148 /* Info.plist */,
			);
			path = "mbition-ios";
			sourceTree = "<group>";
		};
		09907A56293CBA9100BA7148 /* mbition-iosTests */ = {
			isa = PBXGroup;
			children = (
				0948B2332943CA510055F048 /* XCTestCase+await.swift */,
				09907AA0293CF06200BA7148 /* Service */,
				09AB23032947213A00F8C176 /* Model */,
				09AB2323294927AD00F8C176 /* ViewModel */,
				09AB23302949FEDA00F8C176 /* Scene */,
				0948B2352943CD280055F048 /* Helper */,
			);
			path = "mbition-iosTests";
			sourceTree = "<group>";
		};
		09907A72293CBE4900BA7148 /* Appearance */ = {
			isa = PBXGroup;
			children = (
				09907A73293CBE5D00BA7148 /* ColorDefines.swift */,
			);
			path = Appearance;
			sourceTree = "<group>";
		};
		09907A75293CBF0300BA7148 /* Helper */ = {
			isa = PBXGroup;
			children = (
				0948B23A2943E7B70055F048 /* Combine */,
				09907AB9293D09A600BA7148 /* CombineDataSources */,
				096BB45D2942145700502E5B /* CombineCocoa */,
				0948B2322943C2600055F048 /* Pagination */,
				096BB46A294260A000502E5B /* UIImage */,
				096BB45A2942115E00502E5B /* BannerView */,
				096BB4512941674300502E5B /* UIView */,
				096BB44829413D3900502E5B /* Views */,
				09907AC6293D121200BA7148 /* ActivityIndicator */,
				09907AB1293D050700BA7148 /* String */,
				09907AAD293D04C500BA7148 /* UITableView */,
				09907A9B293CEC1500BA7148 /* ChainLayout */,
				09907A98293CE90E00BA7148 /* Then */,
				09907A76293CBF2A00BA7148 /* UIColor */,
			);
			path = Helper;
			sourceTree = "<group>";
		};
		09907A76293CBF2A00BA7148 /* UIColor */ = {
			isa = PBXGroup;
			children = (
				09907A77293CBF3500BA7148 /* UIColor+hex.swift */,
			);
			path = UIColor;
			sourceTree = "<group>";
		};
		09907A79293CBFB600BA7148 /* Service */ = {
			isa = PBXGroup;
			children = (
				096BB476294271F100502E5B /* ImageLoader */,
				096BB46D2942620F00502E5B /* Cache */,
				09907A7A293CC13D00BA7148 /* Network */,
				09907A7D293CC1AF00BA7148 /* UserList */,
				09907A80293CC1ED00BA7148 /* UserDetails */,
				09907A83293CC22B00BA7148 /* Logger */,
			);
			path = Service;
			sourceTree = "<group>";
		};
		09907A7A293CC13D00BA7148 /* Network */ = {
			isa = PBXGroup;
			children = (
				09907ACA293D271F00BA7148 /* Network+handleError.swift */,
				09907ACC293D281000BA7148 /* Network+httpMethod.swift */,
				09907ACE293D289500BA7148 /* URLHost.swift */,
				09907AD3293D29DF00BA7148 /* AccessToken.swift */,
				09907AD7293D2AA900BA7148 /* URLSession+publisher.swift */,
				09907AD0293D292900BA7148 /* Endpoint */,
			);
			path = Network;
			sourceTree = "<group>";
		};
		09907A7D293CC1AF00BA7148 /* UserList */ = {
			isa = PBXGroup;
			children = (
				09907AA2293CF0BD00BA7148 /* UserList+Service.swift */,
			);
			path = UserList;
			sourceTree = "<group>";
		};
		09907A80293CC1ED00BA7148 /* UserDetails */ = {
			isa = PBXGroup;
			children = (
				09907AE42940E65900BA7148 /* UserDetails+Service.swift */,
			);
			path = UserDetails;
			sourceTree = "<group>";
		};
		09907A83293CC22B00BA7148 /* Logger */ = {
			isa = PBXGroup;
			children = (
				09907A84293CC23C00BA7148 /* Logger.swift */,
			);
			path = Logger;
			sourceTree = "<group>";
		};
		09907A86293CC36100BA7148 /* Model */ = {
			isa = PBXGroup;
			children = (
				09907A89293CC58000BA7148 /* UserList+Model.swift */,
				09907A87293CC3DF00BA7148 /* UserDetails+Model.swift */,
			);
			path = Model;
			sourceTree = "<group>";
		};
		09907A8B293CC76800BA7148 /* ViewModel */ = {
			isa = PBXGroup;
			children = (
				09907A8C293CC79A00BA7148 /* UserList+ViewModel.swift */,
				09907A8E293CC7B500BA7148 /* UserDetails+ViewModel.swift */,
			);
			path = ViewModel;
			sourceTree = "<group>";
		};
		09907A90293CDD0900BA7148 /* Scene */ = {
			isa = PBXGroup;
			children = (
				09907A91293CDDAC00BA7148 /* UserList */,
				09907A92293CDDB800BA7148 /* UserDetails */,
			);
			path = Scene;
			sourceTree = "<group>";
		};
		09907A91293CDDAC00BA7148 /* UserList */ = {
			isa = PBXGroup;
			children = (
				09907AAA293CF67C00BA7148 /* UserList+Assembly.swift */,
				09907A94293CDF5E00BA7148 /* UserList+Router.swift */,
				09907A96293CE1A600BA7148 /* UserList+ViewController.swift */,
				09907AB5293D056200BA7148 /* Views */,
			);
			path = UserList;
			sourceTree = "<group>";
		};
		09907A92293CDDB800BA7148 /* UserDetails */ = {
			isa = PBXGroup;
			children = (
				09907AE02940C8B200BA7148 /* UserDetails+Assembly.swift */,
				09907ADE2940C6F500BA7148 /* UserDetails+ViewController.swift */,
			);
			path = UserDetails;
			sourceTree = "<group>";
		};
		09907A93293CDDFD00BA7148 /* Namespace */ = {
			isa = PBXGroup;
			children = (
				09907A7E293CC1CA00BA7148 /* UserList.swift */,
				09907A81293CC1FC00BA7148 /* UserDetails.swift */,
				09907A7B293CC16900BA7148 /* Network.swift */,
				096BB46E294263F300502E5B /* Cache.swift */,
				096BB474294271DE00502E5B /* ImageLoader.swift */,
			);
			path = Namespace;
			sourceTree = "<group>";
		};
		09907A98293CE90E00BA7148 /* Then */ = {
			isa = PBXGroup;
			children = (
				09907A99293CE92500BA7148 /* Then.swift */,
			);
			path = Then;
			sourceTree = "<group>";
		};
		09907A9B293CEC1500BA7148 /* ChainLayout */ = {
			isa = PBXGroup;
			children = (
				09907A9C293CEC3200BA7148 /* ChainLayout.swift */,
				09907A9E293CEC5400BA7148 /* UIViewExtension.swift */,
			);
			path = ChainLayout;
			sourceTree = "<group>";
		};
		09907AA0293CF06200BA7148 /* Service */ = {
			isa = PBXGroup;
			children = (
				09AB232B2949ED1E00F8C176 /* ImageLoader */,
				09AB23282949E3F100F8C176 /* Cache */,
				09AB22FC2946598500F8C176 /* Network */,
				09907AA1293CF08A00BA7148 /* UserList */,
				096BB4412940E8DA00502E5B /* UserDetails */,
			);
			path = Service;
			sourceTree = "<group>";
		};
		09907AA1293CF08A00BA7148 /* UserList */ = {
			isa = PBXGroup;
			children = (
				09AB23062947229200F8C176 /* Mock */,
				09AB231829472F8000F8C176 /* UserList+Network+IntegrationTests.swift */,
			);
			path = UserList;
			sourceTree = "<group>";
		};
		09907AAD293D04C500BA7148 /* UITableView */ = {
			isa = PBXGroup;
			children = (
				09907AAE293D04D400BA7148 /* UITableView+register.swift */,
			);
			path = UITableView;
			sourceTree = "<group>";
		};
		09907AB1293D050700BA7148 /* String */ = {
			isa = PBXGroup;
			children = (
				09907AB2293D051300BA7148 /* String+className.swift */,
				096BB4662942349100502E5B /* String+truncate.swift */,
				096BB4682942350A00502E5B /* String+nilIfEmpty.swift */,
			);
			path = String;
			sourceTree = "<group>";
		};
		09907AB5293D056200BA7148 /* Views */ = {
			isa = PBXGroup;
			children = (
				09907AB6293D057400BA7148 /* UserList+Cell.swift */,
			);
			path = Views;
			sourceTree = "<group>";
		};
		09907AB9293D09A600BA7148 /* CombineDataSources */ = {
			isa = PBXGroup;
			children = (
				09907AC3293D0B0700BA7148 /* Publisher+Bind.swift */,
				09907AC0293D0A6700BA7148 /* Section.swift */,
				09907ABD293D0A0B00BA7148 /* TableViewItemsController.swift */,
				09907ABA293D09BA00BA7148 /* UITableView+Subscribers.swift */,
			);
			path = CombineDataSources;
			sourceTree = "<group>";
		};
		09907AC6293D121200BA7148 /* ActivityIndicator */ = {
			isa = PBXGroup;
			children = (
				09907AC7293D122000BA7148 /* UIView+ActivityIndicator.swift */,
			);
			path = ActivityIndicator;
			sourceTree = "<group>";
		};
		09907AD0293D292900BA7148 /* Endpoint */ = {
			isa = PBXGroup;
			children = (
				09907AD1293D29A500BA7148 /* Endpoint.swift */,
				09907AD5293D2A0600BA7148 /* Endpoint+userList.swift */,
				096BB4542941FD6200502E5B /* Endpoint+userDetails.swift */,
			);
			path = Endpoint;
			sourceTree = "<group>";
		};
		09AB22FC2946598500F8C176 /* Network */ = {
			isa = PBXGroup;
			children = (
				09AB231C2949215700F8C176 /* Endpoint */,
				09AB230029471DAD00F8C176 /* Mock */,
				09AB22FD294659B900F8C176 /* URLSession+extractNextSince+Tests.swift */,
			);
			path = Network;
			sourceTree = "<group>";
		};
		09AB230029471DAD00F8C176 /* Mock */ = {
			isa = PBXGroup;
			children = (
				09AB230129471DB700F8C176 /* URLSessionMock.swift */,
			);
			path = Mock;
			sourceTree = "<group>";
		};
		09AB23032947213A00F8C176 /* Model */ = {
			isa = PBXGroup;
			children = (
				09AB23042947217700F8C176 /* UserList.Model+mockedUserList.swift */,
				09AB231029472C1900F8C176 /* UserDetails+mockedUserDetails.swift */,
			);
			path = Model;
			sourceTree = "<group>";
		};
		09AB23062947229200F8C176 /* Mock */ = {
			isa = PBXGroup;
			children = (
				09907AA6293CF53A00BA7148 /* user-list.json */,
				09907AA4293CF3F300BA7148 /* UserList+Service+Mock.swift */,
				09AB2307294722BE00F8C176 /* UserList+MockURLResponder.swift */,
			);
			path = Mock;
			sourceTree = "<group>";
		};
		09AB230D29472B7400F8C176 /* Mock */ = {
			isa = PBXGroup;
			children = (
				096BB4422940E90E00502E5B /* user-details.json */,
				096BB4442940E92600502E5B /* UserDetails+Service-Mock.swift */,
				09AB230E29472B9B00F8C176 /* UserDetails+MockURLResponder.swift */,
			);
			path = Mock;
			sourceTree = "<group>";
		};
		09AB231C2949215700F8C176 /* Endpoint */ = {
			isa = PBXGroup;
			children = (
				09AB231D2949219E00F8C176 /* EndpointKinds+Stub.swift */,
				09AB231F294921BB00F8C176 /* URLHost+expectedURL.swift */,
				09AB2321294922F600F8C176 /* EndpointTests.swift */,
			);
			path = Endpoint;
			sourceTree = "<group>";
		};
		09AB2323294927AD00F8C176 /* ViewModel */ = {
			isa = PBXGroup;
			children = (
				09AB23342949FF9900F8C176 /* Mock */,
				09AB2324294927F700F8C176 /* UserDetails+ViewModel+Tests.swift */,
				09AB23262949D75700F8C176 /* UserList+ViewModel+Tests.swift */,
			);
			path = ViewModel;
			sourceTree = "<group>";
		};
		09AB23282949E3F100F8C176 /* Cache */ = {
			isa = PBXGroup;
			children = (
				09AB23292949E40900F8C176 /* Cache+Service+Tests.swift */,
			);
			path = Cache;
			sourceTree = "<group>";
		};
		09AB232B2949ED1E00F8C176 /* ImageLoader */ = {
			isa = PBXGroup;
			children = (
				09AB232C2949ED3100F8C176 /* ImageLoader+Service+Tests.swift */,
			);
			path = ImageLoader;
			sourceTree = "<group>";
		};
		09AB23302949FEDA00F8C176 /* Scene */ = {
			isa = PBXGroup;
			children = (
				09AB23312949FEF000F8C176 /* UserList */,
				09AB2339294A08DE00F8C176 /* UserDetails */,
			);
			path = Scene;
			sourceTree = "<group>";
		};
		09AB23312949FEF000F8C176 /* UserList */ = {
			isa = PBXGroup;
			children = (
				09AB23322949FF0300F8C176 /* UserList+ViewController+Tests.swift */,
				09AB2337294A032900F8C176 /* UserList+Router+Mock.swift */,
				09AB233E294A0BFA00F8C176 /* UserList+Cell+Tests.swift */,
			);
			path = UserList;
			sourceTree = "<group>";
		};
		09AB23342949FF9900F8C176 /* Mock */ = {
			isa = PBXGroup;
			children = (
				09AB23352949FFB500F8C176 /* UserList+ViewModel+Mock.swift */,
				09AB233A294A090000F8C176 /* UserDetails+ViewModel+Mock.swift */,
			);
			path = Mock;
			sourceTree = "<group>";
		};
		09AB2339294A08DE00F8C176 /* UserDetails */ = {
			isa = PBXGroup;
			children = (
				09AB233C294A09C500F8C176 /* UserDetails+ViewController+Tests.swift */,
			);
			path = UserDetails;
			sourceTree = "<group>";
		};
		09AB2340294A0D8600F8C176 /* Then */ = {
			isa = PBXGroup;
			children = (
				09AB2341294A0D9500F8C176 /* Then+Tests.swift */,
			);
			path = Then;
			sourceTree = "<group>";
		};
/* End PBXGroup section */

/* Begin PBXNativeTarget section */
		09907A3C293CBA9000BA7148 /* mbition-ios */ = {
			isa = PBXNativeTarget;
			buildConfigurationList = 09907A67293CBA9100BA7148 /* Build configuration list for PBXNativeTarget "mbition-ios" */;
			buildPhases = (
				09907A39293CBA9000BA7148 /* Sources */,
				09907A3A293CBA9000BA7148 /* Frameworks */,
				09907A3B293CBA9000BA7148 /* Resources */,
				09AB2343294A224D00F8C176 /* Swiftlint */,
			);
			buildRules = (
			);
			dependencies = (
			);
			name = "mbition-ios";
			productName = "mbition-ios";
			productReference = 09907A3D293CBA9000BA7148 /* mbition-ios.app */;
			productType = "com.apple.product-type.application";
		};
		09907A52293CBA9100BA7148 /* mbition-iosTests */ = {
			isa = PBXNativeTarget;
			buildConfigurationList = 09907A6A293CBA9100BA7148 /* Build configuration list for PBXNativeTarget "mbition-iosTests" */;
			buildPhases = (
				09907A4F293CBA9100BA7148 /* Sources */,
				09907A50293CBA9100BA7148 /* Frameworks */,
				09907A51293CBA9100BA7148 /* Resources */,
			);
			buildRules = (
			);
			dependencies = (
				09907A55293CBA9100BA7148 /* PBXTargetDependency */,
			);
			name = "mbition-iosTests";
			productName = "mbition-iosTests";
			productReference = 09907A53293CBA9100BA7148 /* mbition-iosTests.xctest */;
			productType = "com.apple.product-type.bundle.unit-test";
		};
/* End PBXNativeTarget section */

/* Begin PBXProject section */
		09907A35293CBA9000BA7148 /* Project object */ = {
			isa = PBXProject;
			attributes = {
				BuildIndependentTargetsInParallel = 1;
				LastSwiftUpdateCheck = 1410;
				LastUpgradeCheck = 1410;
				TargetAttributes = {
					09907A3C293CBA9000BA7148 = {
						CreatedOnToolsVersion = 14.1;
					};
					09907A52293CBA9100BA7148 = {
						CreatedOnToolsVersion = 14.1;
						TestTargetID = 09907A3C293CBA9000BA7148;
					};
				};
			};
			buildConfigurationList = 09907A38293CBA9000BA7148 /* Build configuration list for PBXProject "mbition-ios" */;
			compatibilityVersion = "Xcode 14.0";
			developmentRegion = en;
			hasScannedForEncodings = 0;
			knownRegions = (
				en,
				Base,
			);
			mainGroup = 09907A34293CBA9000BA7148;
			productRefGroup = 09907A3E293CBA9000BA7148 /* Products */;
			projectDirPath = "";
			projectRoot = "";
			targets = (
				09907A3C293CBA9000BA7148 /* mbition-ios */,
				09907A52293CBA9100BA7148 /* mbition-iosTests */,
			);
		};
/* End PBXProject section */

/* Begin PBXResourcesBuildPhase section */
		09907A3B293CBA9000BA7148 /* Resources */ = {
			isa = PBXResourcesBuildPhase;
			buildActionMask = 2147483647;
			files = (
				09907A4D293CBA9100BA7148 /* LaunchScreen.storyboard in Resources */,
				09907A4A293CBA9100BA7148 /* Assets.xcassets in Resources */,
				09907A48293CBA9000BA7148 /* Main.storyboard in Resources */,
			);
			runOnlyForDeploymentPostprocessing = 0;
		};
		09907A51293CBA9100BA7148 /* Resources */ = {
			isa = PBXResourcesBuildPhase;
			buildActionMask = 2147483647;
			files = (
				09907AA8293CF53A00BA7148 /* user-list.json in Resources */,
				096BB4432940E90E00502E5B /* user-details.json in Resources */,
			);
			runOnlyForDeploymentPostprocessing = 0;
		};
/* End PBXResourcesBuildPhase section */

/* Begin PBXShellScriptBuildPhase section */
		09AB2343294A224D00F8C176 /* Swiftlint */ = {
			isa = PBXShellScriptBuildPhase;
			alwaysOutOfDate = 1;
			buildActionMask = 2147483647;
			files = (
			);
			inputFileListPaths = (
			);
			inputPaths = (
			);
			name = Swiftlint;
			outputFileListPaths = (
			);
			outputPaths = (
			);
			runOnlyForDeploymentPostprocessing = 0;
			shellPath = /bin/sh;
			shellScript = "export PATH=\"$PATH:/opt/homebrew/bin\"\nif which swiftlint > /dev/null; then\n  swiftlint\nelse\n  echo \"warning: SwiftLint not installed, download from https://github.com/realm/SwiftLint\"\nfi\n";
		};
/* End PBXShellScriptBuildPhase section */

/* Begin PBXSourcesBuildPhase section */
		09907A39293CBA9000BA7148 /* Sources */ = {
			isa = PBXSourcesBuildPhase;
			buildActionMask = 2147483647;
			files = (
				096BB4672942349100502E5B /* String+truncate.swift in Sources */,
				09907AA3293CF0BD00BA7148 /* UserList+Service.swift in Sources */,
				0948B23C2943E7D40055F048 /* Combine+withLatestFrom.swift in Sources */,
				09907AAB293CF67C00BA7148 /* UserList+Assembly.swift in Sources */,
				09907A8F293CC7B500BA7148 /* UserDetails+ViewModel.swift in Sources */,
				096BB4692942350A00502E5B /* String+nilIfEmpty.swift in Sources */,
				09907AD8293D2AA900BA7148 /* URLSession+publisher.swift in Sources */,
				09907ACF293D289500BA7148 /* URLHost.swift in Sources */,
				09DD7A4B29429D8400649B7F /* UIImage+placeholder.swift in Sources */,
				09907A9A293CE92500BA7148 /* Then.swift in Sources */,
				09907A41293CBA9000BA7148 /* AppDelegate.swift in Sources */,
				096BB46F294263F300502E5B /* Cache.swift in Sources */,
				09907A95293CDF5E00BA7148 /* UserList+Router.swift in Sources */,
				09907A82293CC1FC00BA7148 /* UserDetails.swift in Sources */,
				096BB4502941601100502E5B /* SectionView.swift in Sources */,
				09907A43293CBA9000BA7148 /* SceneDelegate.swift in Sources */,
				096BB463294214FA00502E5B /* CombineControlEvent.swift in Sources */,
				09907AE12940C8B200BA7148 /* UserDetails+Assembly.swift in Sources */,
				09907ACD293D281000BA7148 /* Network+httpMethod.swift in Sources */,
				09907ABB293D09BA00BA7148 /* UITableView+Subscribers.swift in Sources */,
				09907A78293CBF3500BA7148 /* UIColor+hex.swift in Sources */,
				0948B22F2943B9500055F048 /* UIScrollView+Combine.swift in Sources */,
				09907AB3293D051300BA7148 /* String+className.swift in Sources */,
				09907AD4293D29DF00BA7148 /* AccessToken.swift in Sources */,
				09907AC4293D0B0700BA7148 /* Publisher+Bind.swift in Sources */,
				09907A85293CC23C00BA7148 /* Logger.swift in Sources */,
				09907ADF2940C6F500BA7148 /* UserDetails+ViewController.swift in Sources */,
				096BB45F2942147700502E5B /* UIButton+Combine.swift in Sources */,
				09907A7F293CC1CA00BA7148 /* UserList.swift in Sources */,
				096BB4532941675700502E5B /* UIView+constraintForAttribute.swift in Sources */,
				09907AAF293D04D400BA7148 /* UITableView+register.swift in Sources */,
				096BB461294214A000502E5B /* UIControl+Combine.swift in Sources */,
				096BB4782942720A00502E5B /* ImageLoader+Service.swift in Sources */,
				09907A74293CBE5D00BA7148 /* ColorDefines.swift in Sources */,
				096BB4552941FD6200502E5B /* Endpoint+userDetails.swift in Sources */,
				09907AC1293D0A6700BA7148 /* Section.swift in Sources */,
				096BB44A29413E2800502E5B /* TitleAndValueView.swift in Sources */,
				09907A88293CC3DF00BA7148 /* UserDetails+Model.swift in Sources */,
				09907A7C293CC16900BA7148 /* Network.swift in Sources */,
				096BB4732942701500502E5B /* UIImage+estimatedSize.swift in Sources */,
				09907AC8293D122000BA7148 /* UIView+ActivityIndicator.swift in Sources */,
				09907A9F293CEC5400BA7148 /* UIViewExtension.swift in Sources */,
				09907AE52940E65900BA7148 /* UserDetails+Service.swift in Sources */,
				09907A9D293CEC3200BA7148 /* ChainLayout.swift in Sources */,
				096BB45C2942117D00502E5B /* BannerView.swift in Sources */,
				096BB4652942183100502E5B /* UIViewController+banner.swift in Sources */,
				09907A8A293CC58000BA7148 /* UserList+Model.swift in Sources */,
				09907A97293CE1A600BA7148 /* UserList+ViewController.swift in Sources */,
				096BB475294271DE00502E5B /* ImageLoader.swift in Sources */,
				09907A71293CBD8D00BA7148 /* Constants.swift in Sources */,
				096BB46C294260D000502E5B /* UIImage+decoded.swift in Sources */,
				09907ACB293D271F00BA7148 /* Network+handleError.swift in Sources */,
				096BB4712942642B00502E5B /* Cache+Service.swift in Sources */,
				0948B2312943C20B0055F048 /* Pagination.swift in Sources */,
				09907ABE293D0A0B00BA7148 /* TableViewItemsController.swift in Sources */,
				09907AB7293D057400BA7148 /* UserList+Cell.swift in Sources */,
				09907AD6293D2A0600BA7148 /* Endpoint+userList.swift in Sources */,
				09907AD2293D29A500BA7148 /* Endpoint.swift in Sources */,
				09907A8D293CC79A00BA7148 /* UserList+ViewModel.swift in Sources */,
			);
			runOnlyForDeploymentPostprocessing = 0;
		};
		09907A4F293CBA9100BA7148 /* Sources */ = {
			isa = PBXSourcesBuildPhase;
			buildActionMask = 2147483647;
			files = (
				09AB23052947217700F8C176 /* UserList.Model+mockedUserList.swift in Sources */,
				09AB23332949FF0300F8C176 /* UserList+ViewController+Tests.swift in Sources */,
				09AB2342294A0D9500F8C176 /* Then+Tests.swift in Sources */,
				09AB232D2949ED3100F8C176 /* ImageLoader+Service+Tests.swift in Sources */,
				09AB2320294921BB00F8C176 /* URLHost+expectedURL.swift in Sources */,
				09AB2325294927F700F8C176 /* UserDetails+ViewModel+Tests.swift in Sources */,
				09AB23272949D75700F8C176 /* UserList+ViewModel+Tests.swift in Sources */,
				09AB233D294A09C500F8C176 /* UserDetails+ViewController+Tests.swift in Sources */,
				09AB231B2947B3A000F8C176 /* UserDetails+Network+IntegrationTests.swift in Sources */,
				09AB2338294A032900F8C176 /* UserList+Router+Mock.swift in Sources */,
				09AB231929472F8000F8C176 /* UserList+Network+IntegrationTests.swift in Sources */,
				0948B2342943CA510055F048 /* XCTestCase+await.swift in Sources */,
				09AB233B294A090000F8C176 /* UserDetails+ViewModel+Mock.swift in Sources */,
				09AB231529472DD300F8C176 /* UserList+Service+Mock.swift in Sources */,
				0948B2382943CD5E0055F048 /* PaginationTests.swift in Sources */,
				09AB22FE294659B900F8C176 /* URLSession+extractNextSince+Tests.swift in Sources */,
				09AB231429472DB800F8C176 /* UserDetails+mockedUserDetails.swift in Sources */,
				09AB230229471DB700F8C176 /* URLSessionMock.swift in Sources */,
				09AB23362949FFB500F8C176 /* UserList+ViewModel+Mock.swift in Sources */,
				09AB2308294722BE00F8C176 /* UserList+MockURLResponder.swift in Sources */,
				09AB231729472DE300F8C176 /* UserDetails+MockURLResponder.swift in Sources */,
				09AB233F294A0BFA00F8C176 /* UserList+Cell+Tests.swift in Sources */,
				09AB232A2949E40900F8C176 /* Cache+Service+Tests.swift in Sources */,
				09AB231629472DDF00F8C176 /* UserDetails+Service-Mock.swift in Sources */,
				09AB2322294922F600F8C176 /* EndpointTests.swift in Sources */,
				09AB231E2949219E00F8C176 /* EndpointKinds+Stub.swift in Sources */,
			);
			runOnlyForDeploymentPostprocessing = 0;
		};
/* End PBXSourcesBuildPhase section */

/* Begin PBXTargetDependency section */
		09907A55293CBA9100BA7148 /* PBXTargetDependency */ = {
			isa = PBXTargetDependency;
			target = 09907A3C293CBA9000BA7148 /* mbition-ios */;
			targetProxy = 09907A54293CBA9100BA7148 /* PBXContainerItemProxy */;
		};
/* End PBXTargetDependency section */

/* Begin PBXVariantGroup section */
		09907A46293CBA9000BA7148 /* Main.storyboard */ = {
			isa = PBXVariantGroup;
			children = (
				09907A47293CBA9000BA7148 /* Base */,
			);
			name = Main.storyboard;
			sourceTree = "<group>";
		};
		09907A4B293CBA9100BA7148 /* LaunchScreen.storyboard */ = {
			isa = PBXVariantGroup;
			children = (
				09907A4C293CBA9100BA7148 /* Base */,
			);
			name = LaunchScreen.storyboard;
			sourceTree = "<group>";
		};
/* End PBXVariantGroup section */

/* Begin XCBuildConfiguration section */
		09907A65293CBA9100BA7148 /* Debug */ = {
			isa = XCBuildConfiguration;
			buildSettings = {
				ALWAYS_SEARCH_USER_PATHS = NO;
				CLANG_ANALYZER_NONNULL = YES;
				CLANG_ANALYZER_NUMBER_OBJECT_CONVERSION = YES_AGGRESSIVE;
				CLANG_CXX_LANGUAGE_STANDARD = "gnu++20";
				CLANG_ENABLE_MODULES = YES;
				CLANG_ENABLE_OBJC_ARC = YES;
				CLANG_ENABLE_OBJC_WEAK = YES;
				CLANG_WARN_BLOCK_CAPTURE_AUTORELEASING = YES;
				CLANG_WARN_BOOL_CONVERSION = YES;
				CLANG_WARN_COMMA = YES;
				CLANG_WARN_CONSTANT_CONVERSION = YES;
				CLANG_WARN_DEPRECATED_OBJC_IMPLEMENTATIONS = YES;
				CLANG_WARN_DIRECT_OBJC_ISA_USAGE = YES_ERROR;
				CLANG_WARN_DOCUMENTATION_COMMENTS = YES;
				CLANG_WARN_EMPTY_BODY = YES;
				CLANG_WARN_ENUM_CONVERSION = YES;
				CLANG_WARN_INFINITE_RECURSION = YES;
				CLANG_WARN_INT_CONVERSION = YES;
				CLANG_WARN_NON_LITERAL_NULL_CONVERSION = YES;
				CLANG_WARN_OBJC_IMPLICIT_RETAIN_SELF = YES;
				CLANG_WARN_OBJC_LITERAL_CONVERSION = YES;
				CLANG_WARN_OBJC_ROOT_CLASS = YES_ERROR;
				CLANG_WARN_QUOTED_INCLUDE_IN_FRAMEWORK_HEADER = YES;
				CLANG_WARN_RANGE_LOOP_ANALYSIS = YES;
				CLANG_WARN_STRICT_PROTOTYPES = YES;
				CLANG_WARN_SUSPICIOUS_MOVE = YES;
				CLANG_WARN_UNGUARDED_AVAILABILITY = YES_AGGRESSIVE;
				CLANG_WARN_UNREACHABLE_CODE = YES;
				CLANG_WARN__DUPLICATE_METHOD_MATCH = YES;
				COPY_PHASE_STRIP = NO;
				DEBUG_INFORMATION_FORMAT = dwarf;
				ENABLE_STRICT_OBJC_MSGSEND = YES;
				ENABLE_TESTABILITY = YES;
				GCC_C_LANGUAGE_STANDARD = gnu11;
				GCC_DYNAMIC_NO_PIC = NO;
				GCC_NO_COMMON_BLOCKS = YES;
				GCC_OPTIMIZATION_LEVEL = 0;
				GCC_PREPROCESSOR_DEFINITIONS = (
					"DEBUG=1",
					"$(inherited)",
				);
				GCC_WARN_64_TO_32_BIT_CONVERSION = YES;
				GCC_WARN_ABOUT_RETURN_TYPE = YES_ERROR;
				GCC_WARN_UNDECLARED_SELECTOR = YES;
				GCC_WARN_UNINITIALIZED_AUTOS = YES_AGGRESSIVE;
				GCC_WARN_UNUSED_FUNCTION = YES;
				GCC_WARN_UNUSED_VARIABLE = YES;
				IPHONEOS_DEPLOYMENT_TARGET = 16.1;
				MTL_ENABLE_DEBUG_INFO = INCLUDE_SOURCE;
				MTL_FAST_MATH = YES;
				ONLY_ACTIVE_ARCH = YES;
				SDKROOT = iphoneos;
				SWIFT_ACTIVE_COMPILATION_CONDITIONS = DEBUG;
				SWIFT_OPTIMIZATION_LEVEL = "-Onone";
			};
			name = Debug;
		};
		09907A66293CBA9100BA7148 /* Release */ = {
			isa = XCBuildConfiguration;
			buildSettings = {
				ALWAYS_SEARCH_USER_PATHS = NO;
				CLANG_ANALYZER_NONNULL = YES;
				CLANG_ANALYZER_NUMBER_OBJECT_CONVERSION = YES_AGGRESSIVE;
				CLANG_CXX_LANGUAGE_STANDARD = "gnu++20";
				CLANG_ENABLE_MODULES = YES;
				CLANG_ENABLE_OBJC_ARC = YES;
				CLANG_ENABLE_OBJC_WEAK = YES;
				CLANG_WARN_BLOCK_CAPTURE_AUTORELEASING = YES;
				CLANG_WARN_BOOL_CONVERSION = YES;
				CLANG_WARN_COMMA = YES;
				CLANG_WARN_CONSTANT_CONVERSION = YES;
				CLANG_WARN_DEPRECATED_OBJC_IMPLEMENTATIONS = YES;
				CLANG_WARN_DIRECT_OBJC_ISA_USAGE = YES_ERROR;
				CLANG_WARN_DOCUMENTATION_COMMENTS = YES;
				CLANG_WARN_EMPTY_BODY = YES;
				CLANG_WARN_ENUM_CONVERSION = YES;
				CLANG_WARN_INFINITE_RECURSION = YES;
				CLANG_WARN_INT_CONVERSION = YES;
				CLANG_WARN_NON_LITERAL_NULL_CONVERSION = YES;
				CLANG_WARN_OBJC_IMPLICIT_RETAIN_SELF = YES;
				CLANG_WARN_OBJC_LITERAL_CONVERSION = YES;
				CLANG_WARN_OBJC_ROOT_CLASS = YES_ERROR;
				CLANG_WARN_QUOTED_INCLUDE_IN_FRAMEWORK_HEADER = YES;
				CLANG_WARN_RANGE_LOOP_ANALYSIS = YES;
				CLANG_WARN_STRICT_PROTOTYPES = YES;
				CLANG_WARN_SUSPICIOUS_MOVE = YES;
				CLANG_WARN_UNGUARDED_AVAILABILITY = YES_AGGRESSIVE;
				CLANG_WARN_UNREACHABLE_CODE = YES;
				CLANG_WARN__DUPLICATE_METHOD_MATCH = YES;
				COPY_PHASE_STRIP = NO;
				DEBUG_INFORMATION_FORMAT = "dwarf-with-dsym";
				ENABLE_NS_ASSERTIONS = NO;
				ENABLE_STRICT_OBJC_MSGSEND = YES;
				GCC_C_LANGUAGE_STANDARD = gnu11;
				GCC_NO_COMMON_BLOCKS = YES;
				GCC_WARN_64_TO_32_BIT_CONVERSION = YES;
				GCC_WARN_ABOUT_RETURN_TYPE = YES_ERROR;
				GCC_WARN_UNDECLARED_SELECTOR = YES;
				GCC_WARN_UNINITIALIZED_AUTOS = YES_AGGRESSIVE;
				GCC_WARN_UNUSED_FUNCTION = YES;
				GCC_WARN_UNUSED_VARIABLE = YES;
				IPHONEOS_DEPLOYMENT_TARGET = 16.1;
				MTL_ENABLE_DEBUG_INFO = NO;
				MTL_FAST_MATH = YES;
				SDKROOT = iphoneos;
				SWIFT_COMPILATION_MODE = wholemodule;
				SWIFT_OPTIMIZATION_LEVEL = "-O";
				VALIDATE_PRODUCT = YES;
			};
			name = Release;
		};
		09907A68293CBA9100BA7148 /* Debug */ = {
			isa = XCBuildConfiguration;
			buildSettings = {
				ASSETCATALOG_COMPILER_APPICON_NAME = AppIcon;
				ASSETCATALOG_COMPILER_GLOBAL_ACCENT_COLOR_NAME = AccentColor;
				CODE_SIGN_STYLE = Automatic;
				CURRENT_PROJECT_VERSION = 1;
				DEVELOPMENT_TEAM = HUV2SZ24Y2;
				GENERATE_INFOPLIST_FILE = YES;
				INFOPLIST_FILE = "mbition-ios/Info.plist";
				INFOPLIST_KEY_CFBundleDisplayName = MBition;
				INFOPLIST_KEY_UIApplicationSupportsIndirectInputEvents = YES;
				INFOPLIST_KEY_UILaunchStoryboardName = LaunchScreen;
				INFOPLIST_KEY_UIMainStoryboardFile = Main;
				INFOPLIST_KEY_UISupportedInterfaceOrientations = UIInterfaceOrientationPortrait;
				LD_RUNPATH_SEARCH_PATHS = (
					"$(inherited)",
					"@executable_path/Frameworks",
				);
				MARKETING_VERSION = 1.0;
				PRODUCT_BUNDLE_IDENTIFIER = "com.pronin.mbition-ios-2";
				PRODUCT_NAME = "$(TARGET_NAME)";
				SWIFT_EMIT_LOC_STRINGS = YES;
				SWIFT_VERSION = 5.0;
				TARGETED_DEVICE_FAMILY = "1,2";
			};
			name = Debug;
		};
		09907A69293CBA9100BA7148 /* Release */ = {
			isa = XCBuildConfiguration;
			buildSettings = {
				ASSETCATALOG_COMPILER_APPICON_NAME = AppIcon;
				ASSETCATALOG_COMPILER_GLOBAL_ACCENT_COLOR_NAME = AccentColor;
				CODE_SIGN_STYLE = Automatic;
				CURRENT_PROJECT_VERSION = 1;
				DEVELOPMENT_TEAM = HUV2SZ24Y2;
				GENERATE_INFOPLIST_FILE = YES;
				INFOPLIST_FILE = "mbition-ios/Info.plist";
				INFOPLIST_KEY_CFBundleDisplayName = MBition;
				INFOPLIST_KEY_UIApplicationSupportsIndirectInputEvents = YES;
				INFOPLIST_KEY_UILaunchStoryboardName = LaunchScreen;
				INFOPLIST_KEY_UIMainStoryboardFile = Main;
				INFOPLIST_KEY_UISupportedInterfaceOrientations = UIInterfaceOrientationPortrait;
				LD_RUNPATH_SEARCH_PATHS = (
					"$(inherited)",
					"@executable_path/Frameworks",
				);
				MARKETING_VERSION = 1.0;
				PRODUCT_BUNDLE_IDENTIFIER = "com.pronin.mbition-ios-2";
				PRODUCT_NAME = "$(TARGET_NAME)";
				SWIFT_EMIT_LOC_STRINGS = YES;
				SWIFT_VERSION = 5.0;
				TARGETED_DEVICE_FAMILY = "1,2";
			};
			name = Release;
		};
		09907A6B293CBA9100BA7148 /* Debug */ = {
			isa = XCBuildConfiguration;
			buildSettings = {
				ALWAYS_EMBED_SWIFT_STANDARD_LIBRARIES = YES;
				BUNDLE_LOADER = "$(TEST_HOST)";
				CODE_SIGN_STYLE = Automatic;
				CURRENT_PROJECT_VERSION = 1;
				DEVELOPMENT_TEAM = Q8M6V9HM9E;
				GENERATE_INFOPLIST_FILE = YES;
				IPHONEOS_DEPLOYMENT_TARGET = 16.1;
				MARKETING_VERSION = 1.0;
				PRODUCT_BUNDLE_IDENTIFIER = "com.pronin.mbition-iosTests";
				PRODUCT_NAME = "$(TARGET_NAME)";
				SWIFT_EMIT_LOC_STRINGS = NO;
				SWIFT_VERSION = 5.0;
				TARGETED_DEVICE_FAMILY = "1,2";
				TEST_HOST = "$(BUILT_PRODUCTS_DIR)/mbition-ios.app/$(BUNDLE_EXECUTABLE_FOLDER_PATH)/mbition-ios";
			};
			name = Debug;
		};
		09907A6C293CBA9100BA7148 /* Release */ = {
			isa = XCBuildConfiguration;
			buildSettings = {
				ALWAYS_EMBED_SWIFT_STANDARD_LIBRARIES = YES;
				BUNDLE_LOADER = "$(TEST_HOST)";
				CODE_SIGN_STYLE = Automatic;
				CURRENT_PROJECT_VERSION = 1;
				DEVELOPMENT_TEAM = Q8M6V9HM9E;
				GENERATE_INFOPLIST_FILE = YES;
				IPHONEOS_DEPLOYMENT_TARGET = 16.1;
				MARKETING_VERSION = 1.0;
				PRODUCT_BUNDLE_IDENTIFIER = "com.pronin.mbition-iosTests";
				PRODUCT_NAME = "$(TARGET_NAME)";
				SWIFT_EMIT_LOC_STRINGS = NO;
				SWIFT_VERSION = 5.0;
				TARGETED_DEVICE_FAMILY = "1,2";
				TEST_HOST = "$(BUILT_PRODUCTS_DIR)/mbition-ios.app/$(BUNDLE_EXECUTABLE_FOLDER_PATH)/mbition-ios";
			};
			name = Release;
		};
/* End XCBuildConfiguration section */

/* Begin XCConfigurationList section */
		09907A38293CBA9000BA7148 /* Build configuration list for PBXProject "mbition-ios" */ = {
			isa = XCConfigurationList;
			buildConfigurations = (
				09907A65293CBA9100BA7148 /* Debug */,
				09907A66293CBA9100BA7148 /* Release */,
			);
			defaultConfigurationIsVisible = 0;
			defaultConfigurationName = Release;
		};
		09907A67293CBA9100BA7148 /* Build configuration list for PBXNativeTarget "mbition-ios" */ = {
			isa = XCConfigurationList;
			buildConfigurations = (
				09907A68293CBA9100BA7148 /* Debug */,
				09907A69293CBA9100BA7148 /* Release */,
			);
			defaultConfigurationIsVisible = 0;
			defaultConfigurationName = Release;
		};
		09907A6A293CBA9100BA7148 /* Build configuration list for PBXNativeTarget "mbition-iosTests" */ = {
			isa = XCConfigurationList;
			buildConfigurations = (
				09907A6B293CBA9100BA7148 /* Debug */,
				09907A6C293CBA9100BA7148 /* Release */,
			);
			defaultConfigurationIsVisible = 0;
			defaultConfigurationName = Release;
		};
/* End XCConfigurationList section */
	};
	rootObject = 09907A35293CBA9000BA7148 /* Project object */;
}
